
Microsoft Visual Studio Solution File, Format Version 11.00
# Visual Studio 2010
Project("{8BC9CEB8-8B4A-11D0-8D11-00A0C91BC942}") = "2015N9Y28R20131105832", "2015N9Y28R20131105832\2015N9Y28R20131105832.vcxproj", "{82BE0539-4F4F-4311-BAD9-D813908DEE96}"
EndProject
Global
	GlobalSection(SolutionConfigurationPlatforms) = preSolution
		Debug|Win32 = Debug|Win32
		Release|Win32 = Release|Win32
	EndGlobalSection
	GlobalSection(ProjectConfigurationPlatforms) = postSolution
		{82BE0539-4F4F-4311-BAD9-D813908DEE96}.Debug|Win32.ActiveCfg = Debug|Win32
		{82BE0539-4F4F-4311-BAD9-D813908DEE96}.Debug|Win32.Build.0 = Debug|Win32
		{82BE0539-4F4F-4311-BAD9-D813908DEE96}.Release|Win32.ActiveCfg = Release|Win32
		{82BE0539-4F4F-4311-BAD9-D813908DEE96}.Release|Win32.Build.0 = Release|Win32
	EndGlobalSection
	GlobalSection(SolutionProperties) = preSolution
		HideSolutionNode = FALSE
	EndGlobalSection
EndGlobal
