
Microsoft Visual Studio Solution File, Format Version 11.00
# Visual Studio 2010
Project("{8BC9CEB8-8B4A-11D0-8D11-00A0C91BC942}") = "2015N9Y21R20131105832", "2015N9Y21R20131105832\2015N9Y21R20131105832.vcxproj", "{35C01976-87CF-4E20-B11F-35C6F1DD18E2}"
EndProject
Global
	GlobalSection(SolutionConfigurationPlatforms) = preSolution
		Debug|Win32 = Debug|Win32
		Release|Win32 = Release|Win32
	EndGlobalSection
	GlobalSection(ProjectConfigurationPlatforms) = postSolution
		{35C01976-87CF-4E20-B11F-35C6F1DD18E2}.Debug|Win32.ActiveCfg = Debug|Win32
		{35C01976-87CF-4E20-B11F-35C6F1DD18E2}.Debug|Win32.Build.0 = Debug|Win32
		{35C01976-87CF-4E20-B11F-35C6F1DD18E2}.Release|Win32.ActiveCfg = Release|Win32
		{35C01976-87CF-4E20-B11F-35C6F1DD18E2}.Release|Win32.Build.0 = Release|Win32
	EndGlobalSection
	GlobalSection(SolutionProperties) = preSolution
		HideSolutionNode = FALSE
	EndGlobalSection
EndGlobal
